
Microsoft Visual Studio Solution File, Format Version 12.00
# Visual Studio Version 17
VisualStudioVersion = 17.14.36221.1
MinimumVisualStudioVersion = 10.0.40219.1
Project("{FAE04EC0-301F-11D3-BF4B-00C04F79EFBC}") = "task", "task\task.csproj", "{36930264-403A-4358-8079-B3666362A974}"
EndProject
Project("{FAE04EC0-301F-11D3-BF4B-00C04F79EFBC}") = "TestProject1", "TestProject1\TestProject1.csproj", "{DAC7B9E5-97A2-4C41-BABA-F50649306D53}"
EndProject
Global
	GlobalSection(SolutionConfigurationPlatforms) = preSolution
		Debug|Any CPU = Debug|Any CPU
		Release|Any CPU = Release|Any CPU
	EndGlobalSection
	GlobalSection(ProjectConfigurationPlatforms) = postSolution
		{36930264-403A-4358-8079-B3666362A974}.Debug|Any CPU.ActiveCfg = Debug|Any CPU
		{36930264-403A-4358-8079-B3666362A974}.Debug|Any CPU.Build.0 = Debug|Any CPU
		{36930264-403A-4358-8079-B3666362A974}.Release|Any CPU.ActiveCfg = Release|Any CPU
		{36930264-403A-4358-8079-B3666362A974}.Release|Any CPU.Build.0 = Release|Any CPU
		{DAC7B9E5-97A2-4C41-BABA-F50649306D53}.Debug|Any CPU.ActiveCfg = Debug|Any CPU
		{DAC7B9E5-97A2-4C41-BABA-F50649306D53}.Debug|Any CPU.Build.0 = Debug|Any CPU
		{DAC7B9E5-97A2-4C41-BABA-F50649306D53}.Release|Any CPU.ActiveCfg = Release|Any CPU
		{DAC7B9E5-97A2-4C41-BABA-F50649306D53}.Release|Any CPU.Build.0 = Release|Any CPU
	EndGlobalSection
	GlobalSection(SolutionProperties) = preSolution
		HideSolutionNode = FALSE
	EndGlobalSection
	GlobalSection(ExtensibilityGlobals) = postSolution
		SolutionGuid = {B8F99D73-ED87-4BA0-85B7-7934B3300FCA}
	EndGlobalSection
EndGlobal
